%{
  "csv": {:hex, :csv, "3.2.1", "6d401f1ed33acb2627682a9ab6021e96d33ca6c1c6bccc243d8f7e2197d032f5", [:mix], [], "hexpm", "8f55a0524923ae49e97ff2642122a2ce7c61e159e7fe1184670b2ce847aee6c8"},
  "numexy": {:hex, :numexy, "0.1.9", "5c6984a8d0b604812971d0714cfc7bdcfd6735438857fcf28ca1c61c4e141ae8", [:mix], [], "hexpm", "696deec66802d8ab89cf3f80c4632e54f10469a6bb6d6f6aa8f944de50a78cac"},
}
